
Microsoft Visual Studio Solution File, Format Version 12.00
# Visual Studio for Mac
Project("{FAE04EC0-301F-11D3-BF4B-00C04F79EFBC}") = "Assembly-CSharp", "Assembly-CSharp.csproj", "{2802C710-CA03-EAE4-A7DC-675F0D3A12C2}"
EndProject
Project("{FAE04EC0-301F-11D3-BF4B-00C04F79EFBC}") = "Assembly-CSharp-firstpass", "Assembly-CSharp-firstpass.csproj", "{5CEE95AC-CDC0-374A-ECD9-1FEBCED4555E}"
EndProject
Project("{FAE04EC0-301F-11D3-BF4B-00C04F79EFBC}") = "Assembly-CSharp-Editor-firstpass", "Assembly-CSharp-Editor-firstpass.csproj", "{175C1B3D-2A75-4444-BF95-652FD3B4429B}"
EndProject
Global
	GlobalSection(SolutionConfigurationPlatforms) = preSolution
		Debug|Any CPU = Debug|Any CPU
		Release|Any CPU = Release|Any CPU
	EndGlobalSection
	GlobalSection(ProjectConfigurationPlatforms) = postSolution
		{2802C710-CA03-EAE4-A7DC-675F0D3A12C2}.Debug|Any CPU.ActiveCfg = Debug|Any CPU
		{2802C710-CA03-EAE4-A7DC-675F0D3A12C2}.Debug|Any CPU.Build.0 = Debug|Any CPU
		{2802C710-CA03-EAE4-A7DC-675F0D3A12C2}.Release|Any CPU.ActiveCfg = Release|Any CPU
		{2802C710-CA03-EAE4-A7DC-675F0D3A12C2}.Release|Any CPU.Build.0 = Release|Any CPU
		{5CEE95AC-CDC0-374A-ECD9-1FEBCED4555E}.Debug|Any CPU.ActiveCfg = Debug|Any CPU
		{5CEE95AC-CDC0-374A-ECD9-1FEBCED4555E}.Debug|Any CPU.Build.0 = Debug|Any CPU
		{5CEE95AC-CDC0-374A-ECD9-1FEBCED4555E}.Release|Any CPU.ActiveCfg = Release|Any CPU
		{5CEE95AC-CDC0-374A-ECD9-1FEBCED4555E}.Release|Any CPU.Build.0 = Release|Any CPU
		{175C1B3D-2A75-4444-BF95-652FD3B4429B}.Debug|Any CPU.ActiveCfg = Debug|Any CPU
		{175C1B3D-2A75-4444-BF95-652FD3B4429B}.Debug|Any CPU.Build.0 = Debug|Any CPU
		{175C1B3D-2A75-4444-BF95-652FD3B4429B}.Release|Any CPU.ActiveCfg = Release|Any CPU
		{175C1B3D-2A75-4444-BF95-652FD3B4429B}.Release|Any CPU.Build.0 = Release|Any CPU
	EndGlobalSection
	GlobalSection(SolutionProperties) = preSolution
		HideSolutionNode = FALSE
	EndGlobalSection
EndGlobal
